Microsoft Visual Studio Solution File, Format Version 12.00
# Visual Studio Version 17
VisualStudioVersion = 17.1.32319.34
MinimumVisualStudioVersion = 10.0.40219.1
Project("{FAE04EC0-301F-11D3-BF4B-00C04F79EFBC}") = "DuckGame", "DuckGame.csproj", "{A63C7222-EEE1-4BCD-844D-F6AC1501A655}"
EndProject
Global
	GlobalSection(SolutionConfigurationPlatforms) = preSolution
		DuckGame|Any CPU = DuckGame|Any CPU
		DuckGame|x86 = DuckGame|x86
	EndGlobalSection
	GlobalSection(ProjectConfigurationPlatforms) = postSolution
		{A63C7222-EEE1-4BCD-844D-F6AC1501A655}.DuckGame|Any CPU.ActiveCfg = DuckGame|Any CPU
		{A63C7222-EEE1-4BCD-844D-F6AC1501A655}.DuckGame|Any CPU.Build.0 = DuckGame|Any CPU
		{A63C7222-EEE1-4BCD-844D-F6AC1501A655}.DuckGame|x86.ActiveCfg = DuckGame|x86
		{A63C7222-EEE1-4BCD-844D-F6AC1501A655}.DuckGame|x86.Build.0 = DuckGame|x86
	EndGlobalSection
	GlobalSection(SolutionProperties) = preSolution
		HideSolutionNode = FALSE
	EndGlobalSection
	GlobalSection(ExtensibilityGlobals) = postSolution
		SolutionGuid = {A0614B9F-E344-4BD6-8253-67FB580317F7}
	EndGlobalSection
EndGlobal
